
Microsoft Visual Studio Solution File, Format Version 12.00
# Visual Studio Version 16
VisualStudioVersion = 16.0.30114.105
MinimumVisualStudioVersion = 10.0.40219.1
Project("{9A19103F-16F7-4668-BE54-9A1E7A4F7556}") = "Metanit", "Metanit\Metanit.csproj", "{2FCBF66A-C3BF-4960-8773-924A2E39B091}"
EndProject
Project("{FAE04EC0-301F-11D3-BF4B-00C04F79EFBC}") = "CovariantAndContrvariantDelegateGeneric", "CovariantAndContrvariantDelegateGeneric\CovariantAndContrvariantDelegateGeneric.csproj", "{A085AB4E-CFB2-4E42-A7A9-34394648CB52}"
EndProject
Project("{FAE04EC0-301F-11D3-BF4B-00C04F79EFBC}") = "ActionPredicateFunc", "ActionPredicateFunc\ActionPredicateFunc.csproj", "{BB3F1627-0967-45A3-A007-98003F8C676C}"
EndProject
Global
	GlobalSection(SolutionConfigurationPlatforms) = preSolution
		Debug|Any CPU = Debug|Any CPU
		Release|Any CPU = Release|Any CPU
	EndGlobalSection
	GlobalSection(ProjectConfigurationPlatforms) = postSolution
		{2FCBF66A-C3BF-4960-8773-924A2E39B091}.Debug|Any CPU.ActiveCfg = Debug|Any CPU
		{2FCBF66A-C3BF-4960-8773-924A2E39B091}.Debug|Any CPU.Build.0 = Debug|Any CPU
		{2FCBF66A-C3BF-4960-8773-924A2E39B091}.Release|Any CPU.ActiveCfg = Release|Any CPU
		{2FCBF66A-C3BF-4960-8773-924A2E39B091}.Release|Any CPU.Build.0 = Release|Any CPU
		{A085AB4E-CFB2-4E42-A7A9-34394648CB52}.Debug|Any CPU.ActiveCfg = Debug|Any CPU
		{A085AB4E-CFB2-4E42-A7A9-34394648CB52}.Debug|Any CPU.Build.0 = Debug|Any CPU
		{A085AB4E-CFB2-4E42-A7A9-34394648CB52}.Release|Any CPU.ActiveCfg = Release|Any CPU
		{A085AB4E-CFB2-4E42-A7A9-34394648CB52}.Release|Any CPU.Build.0 = Release|Any CPU
		{BB3F1627-0967-45A3-A007-98003F8C676C}.Debug|Any CPU.ActiveCfg = Debug|Any CPU
		{BB3F1627-0967-45A3-A007-98003F8C676C}.Debug|Any CPU.Build.0 = Debug|Any CPU
		{BB3F1627-0967-45A3-A007-98003F8C676C}.Release|Any CPU.ActiveCfg = Release|Any CPU
		{BB3F1627-0967-45A3-A007-98003F8C676C}.Release|Any CPU.Build.0 = Release|Any CPU
	EndGlobalSection
	GlobalSection(SolutionProperties) = preSolution
		HideSolutionNode = FALSE
	EndGlobalSection
	GlobalSection(ExtensibilityGlobals) = postSolution
		SolutionGuid = {D67E6535-898E-4DC2-A923-CF3439CB439F}
	EndGlobalSection
EndGlobal
